
Microsoft Visual Studio Solution File, Format Version 12.00
# Visual Studio Version 17
VisualStudioVersion = 17.12.35707.178 d17.12
MinimumVisualStudioVersion = 10.0.40219.1
Project("{FAE04EC0-301F-11D3-BF4B-00C04F79EFBC}") = "GeometrShapeCI", "GeometrShapeCI\GeometrShapeCI.csproj", "{478EAFEC-A605-4CE0-ADEE-7274B3AF2CB0}"
EndProject
Project("{FAE04EC0-301F-11D3-BF4B-00C04F79EFBC}") = "Test", "Test\Test.csproj", "{65E8867D-0F33-4924-9248-B5C500D38400}"
EndProject
Global
	GlobalSection(SolutionConfigurationPlatforms) = preSolution
		Debug|Any CPU = Debug|Any CPU
		Release|Any CPU = Release|Any CPU
	EndGlobalSection
	GlobalSection(ProjectConfigurationPlatforms) = postSolution
		{478EAFEC-A605-4CE0-ADEE-7274B3AF2CB0}.Debug|Any CPU.ActiveCfg = Debug|Any CPU
		{478EAFEC-A605-4CE0-ADEE-7274B3AF2CB0}.Debug|Any CPU.Build.0 = Debug|Any CPU
		{478EAFEC-A605-4CE0-ADEE-7274B3AF2CB0}.Release|Any CPU.ActiveCfg = Release|Any CPU
		{478EAFEC-A605-4CE0-ADEE-7274B3AF2CB0}.Release|Any CPU.Build.0 = Release|Any CPU
		{65E8867D-0F33-4924-9248-B5C500D38400}.Debug|Any CPU.ActiveCfg = Debug|Any CPU
		{65E8867D-0F33-4924-9248-B5C500D38400}.Debug|Any CPU.Build.0 = Debug|Any CPU
		{65E8867D-0F33-4924-9248-B5C500D38400}.Release|Any CPU.ActiveCfg = Release|Any CPU
		{65E8867D-0F33-4924-9248-B5C500D38400}.Release|Any CPU.Build.0 = Release|Any CPU
	EndGlobalSection
	GlobalSection(SolutionProperties) = preSolution
		HideSolutionNode = FALSE
	EndGlobalSection
EndGlobal
